// !$*UTF8*$!
{
 archiveVersion = 1;
 classes = {};
 objectVersion = 56;
 objects = {

  H1001 = {isa = PBXBuildFile; fileRef = H2001; };
  H2001 = {isa = PBXFileReference; lastKnownFileType = sourcecode.swift; path = GameScene.swift; sourceTree = "<group>"; };
  H3001 = {isa = PBXFrameworksBuildPhase; files = (H1002); };
  H1002 = {isa = PBXBuildFile; fileRef = H2002; };
  H2002 = {isa = PBXFileReference; lastKnownFileType = wrapper.framework; name = SpriteKit.framework; path = System/Library/Frameworks/SpriteKit.framework; sourceTree = SDKROOT; };
  G9000 = {isa = PBXBuildFile; fileRef = F9000; };
  G9001 = {isa = PBXBuildFile; fileRef = F9001; };
  G9002 = {isa = PBXBuildFile; fileRef = F9002; };
  G9003 = {isa = PBXBuildFile; fileRef = F9003; };
  G9004 = {isa = PBXBuildFile; fileRef = F9004; };
  G9005 = {isa = PBXBuildFile; fileRef = F9005; };
  G9006 = {isa = PBXBuildFile; fileRef = F9006; };
  G9007 = {isa = PBXBuildFile; fileRef = F9007; };
  G9008 = {isa = PBXBuildFile; fileRef = F9008; };
  G9009 = {isa = PBXBuildFile; fileRef = F9009; };
  G9010 = {isa = PBXBuildFile; fileRef = F9010; };
  G9011 = {isa = PBXBuildFile; fileRef = F9011; };
  G9012 = {isa = PBXBuildFile; fileRef = F9012; };
  G9013 = {isa = PBXBuildFile; fileRef = F9013; };
  G9014 = {isa = PBXBuildFile; fileRef = F9014; };
  G9015 = {isa = PBXBuildFile; fileRef = F9015; };
  G9016 = {isa = PBXBuildFile; fileRef = F9016; };
  G9017 = {isa = PBXBuildFile; fileRef = F9017; };
  G9018 = {isa = PBXBuildFile; fileRef = F9018; };
  G9019 = {isa = PBXBuildFile; fileRef = F9019; };
  F9000 = {isa = PBXFileReference; lastKnownFileType = image.png; path = "Fisherman_fish_0.png"; sourceTree = "<group>"; };
  F9001 = {isa = PBXFileReference; lastKnownFileType = image.png; path = "Fisherman_fish_1.png"; sourceTree = "<group>"; };
  F9002 = {isa = PBXFileReference; lastKnownFileType = image.png; path = "Fisherman_fish_2.png"; sourceTree = "<group>"; };
  F9003 = {isa = PBXFileReference; lastKnownFileType = image.png; path = "Fisherman_fish_3.png"; sourceTree = "<group>"; };
  F9004 = {isa = PBXFileReference; lastKnownFileType = image.png; path = "Fisherman_hook_0.png"; sourceTree = "<group>"; };
  F9005 = {isa = PBXFileReference; lastKnownFileType = image.png; path = "Fisherman_hook_1.png"; sourceTree = "<group>"; };
  F9006 = {isa = PBXFileReference; lastKnownFileType = image.png; path = "Fisherman_hook_2.png"; sourceTree = "<group>"; };
  F9007 = {isa = PBXFileReference; lastKnownFileType = image.png; path = "Fisherman_hook_3.png"; sourceTree = "<group>"; };
  F9008 = {isa = PBXFileReference; lastKnownFileType = image.png; path = "Fisherman_hook_4.png"; sourceTree = "<group>"; };
  F9009 = {isa = PBXFileReference; lastKnownFileType = image.png; path = "Fisherman_hook_5.png"; sourceTree = "<group>"; };
  F9010 = {isa = PBXFileReference; lastKnownFileType = image.png; path = "Fisherman_idle_0.png"; sourceTree = "<group>"; };
  F9011 = {isa = PBXFileReference; lastKnownFileType = image.png; path = "Fisherman_idle_1.png"; sourceTree = "<group>"; };
  F9012 = {isa = PBXFileReference; lastKnownFileType = image.png; path = "Fisherman_idle_2.png"; sourceTree = "<group>"; };
  F9013 = {isa = PBXFileReference; lastKnownFileType = image.png; path = "Fisherman_idle_3.png"; sourceTree = "<group>"; };
  F9014 = {isa = PBXFileReference; lastKnownFileType = image.png; path = "Fisherman_row_0.png"; sourceTree = "<group>"; };
  F9015 = {isa = PBXFileReference; lastKnownFileType = image.png; path = "Fisherman_row_1.png"; sourceTree = "<group>"; };
  F9016 = {isa = PBXFileReference; lastKnownFileType = image.png; path = "Fisherman_row_2.png"; sourceTree = "<group>"; };
  F9017 = {isa = PBXFileReference; lastKnownFileType = image.png; path = "Fisherman_row_3.png"; sourceTree = "<group>"; };
  F9018 = {isa = PBXFileReference; lastKnownFileType = image.png; path = "PierTile.png"; sourceTree = "<group>"; };
  F9019 = {isa = PBXFileReference; lastKnownFileType = image.png; path = "WaterTile.png"; sourceTree = "<group>"; };
  C8000 = {isa = PBXBuildFile; fileRef = B8000; };
  C8001 = {isa = PBXBuildFile; fileRef = B8001; };
  C8002 = {isa = PBXBuildFile; fileRef = B8002; };
  C8003 = {isa = PBXBuildFile; fileRef = B8003; };
  C8004 = {isa = PBXBuildFile; fileRef = B8004; };
  C8005 = {isa = PBXBuildFile; fileRef = B8005; };
  C8006 = {isa = PBXBuildFile; fileRef = B8006; };
  C8007 = {isa = PBXBuildFile; fileRef = B8007; };
  C8008 = {isa = PBXBuildFile; fileRef = B8008; };
  C8009 = {isa = PBXBuildFile; fileRef = B8009; };
  B8000 = {isa = PBXFileReference; lastKnownFileType = image.png; path = "Fisherman_fish.png"; sourceTree = "<group>"; };
  B8001 = {isa = PBXFileReference; lastKnownFileType = image.png; path = "Boat2.png"; sourceTree = "<group>"; };
  B8002 = {isa = PBXFileReference; lastKnownFileType = image.png; path = "Boat.png"; sourceTree = "<group>"; };
  B8003 = {isa = PBXFileReference; lastKnownFileType = image.png; path = "Fisherman_hook.png"; sourceTree = "<group>"; };
  B8004 = {isa = PBXFileReference; lastKnownFileType = image.png; path = "Fisherman_row.png"; sourceTree = "<group>"; };
  B8005 = {isa = PBXFileReference; lastKnownFileType = image.png; path = "Fish-rod.png"; sourceTree = "<group>"; };
  B8006 = {isa = PBXFileReference; lastKnownFileType = image.png; path = "Fisherman_idle.png"; sourceTree = "<group>"; };
  B8007 = {isa = PBXFileReference; lastKnownFileType = image.png; path = "Water.png"; sourceTree = "<group>"; };
  B8008 = {isa = PBXFileReference; lastKnownFileType = image.png; path = "Pier_Tiles.png"; sourceTree = "<group>"; };
  B8009 = {isa = PBXFileReference; lastKnownFileType = image.png; path = "Fishing_hut.png"; sourceTree = "<group>"; };
  A1001 = {isa = PBXBuildFile; fileRef = A2001; };
  A1002 = {isa = PBXBuildFile; fileRef = A2002; };
  A2001 = {isa = PBXFileReference; lastKnownFileType = sourcecode.swift; path = FarmVietApp.swift; sourceTree = "<group>"; };
  A2002 = {isa = PBXFileReference; lastKnownFileType = sourcecode.swift; path = FarmView.swift; sourceTree = "<group>"; };
  A2003 = {isa = PBXFileReference; lastKnownFileType = text.plist.xml; path = Info.plist; sourceTree = "<group>"; };
  A2004 = {isa = PBXFileReference; explicitFileType = wrapper.application; path = FarmViet.app; sourceTree = BUILT_PRODUCTS_DIR; };
  A3001 = {isa = PBXGroup; children = (A2001,A2002,A2003,B8000,B8001,B8002,B8003,B8004,B8005,B8006,B8007,B8008,B8009,F9000,F9001,F9002,F9003,F9004,F9005,F9006,F9007,F9008,F9009,F9010,F9011,F9012,F9013,F9014,F9015,F9016,F9017,F9018,F9019,H2001,V13F20000,V13F20001,V13F20002,V13F20003,V13F20004,V13F20005,V13F20006,V13F20007,V13F20008,V13F20009,V13F20010,V13F20011,V13F20012,V13F20013,V13F20014,V13F20015,V13F20016,V13F20017,V13F20018,V13F20019,V13F20020,V13F20021,V13F20022,V13F20023,V13F20024,V13F20025,V13F20026,V13F20027,V13F20028,V13F20029,V13F20030,V13F20031,V13F20032,V13F20033,V13F20034,V13F20035,V13F20036,V13F20037,V13F20038,V13F20039,V13F20040,V13F20041,V13F20042,V13F20043,V13F20044,V13F20045,V13F20046,V13F20047,V13F20048,V13F20049,V13F20050,V13F20051,V13F20052,V13F20053,V13F20054,V13F20055,V13F20056,V13F20057,V13F20058,V13F20059,V13F20060,V13F20061,V13F20062,V13F20063,V13F20064,V13F20065,V13F20066,V13F20067,V13F20068); path = FarmViet; sourceTree = "<group>"; };
  A3002 = {isa = PBXGroup; children = (A3001,A3003); sourceTree = "<group>"; };
  A3003 = {isa = PBXGroup; children = (A2004); name = Products; sourceTree = "<group>"; };
  A4001 = {isa = PBXNativeTarget; buildConfigurationList = A5001; buildPhases = (A6001,H3001,A6002); name = FarmViet; productName = FarmViet; productReference = A2004; productType = "com.apple.product-type.application"; };
  A4002 = {isa = PBXProject; buildConfigurationList = A5002; compatibilityVersion = "Xcode 15.0"; developmentRegion = en; mainGroup = A3002; productRefGroup = A3003; targets = (A4001); };
  A6001 = {isa = PBXSourcesBuildPhase; files = (A1001,A1002,H1001); };
  A6002 = {isa = PBXResourcesBuildPhase; files = (C8000,C8001,C8002,C8003,C8004,C8005,C8006,C8007,C8008,C8009,G9000,G9001,G9002,G9003,G9004,G9005,G9006,G9007,G9008,G9009,G9010,G9011,G9012,G9013,G9014,G9015,G9016,G9017,G9018,G9019,V13B10000,V13B10001,V13B10002,V13B10003,V13B10004,V13B10005,V13B10006,V13B10007,V13B10008,V13B10009,V13B10010,V13B10011,V13B10012,V13B10013,V13B10014,V13B10015,V13B10016,V13B10017,V13B10018,V13B10019,V13B10020,V13B10021,V13B10022,V13B10023,V13B10024,V13B10025,V13B10026,V13B10027,V13B10028,V13B10029,V13B10030,V13B10031,V13B10032,V13B10033,V13B10034,V13B10035,V13B10036,V13B10037,V13B10038,V13B10039,V13B10040,V13B10041,V13B10042,V13B10043,V13B10044,V13B10045,V13B10046,V13B10047,V13B10048,V13B10049,V13B10050,V13B10051,V13B10052,V13B10053,V13B10054,V13B10055,V13B10056,V13B10057,V13B10058,V13B10059,V13B10060,V13B10061,V13B10062,V13B10063,V13B10064,V13B10065,V13B10066,V13B10067,V13B10068); };
  V13B10000 = {isa = PBXBuildFile; fileRef = V13F20000; };
  V13F20000 = {isa = PBXFileReference; lastKnownFileType = image.png; path = "Resources/FarmExpansion/Farming101_Free/F101_bed.png"; sourceTree = "<group>"; };
  V13B10001 = {isa = PBXBuildFile; fileRef = V13F20001; };
  V13F20001 = {isa = PBXFileReference; lastKnownFileType = image.png; path = "Resources/FarmExpansion/Farming101_Free/F101_character_shadow.png"; sourceTree = "<group>"; };
  V13B10002 = {isa = PBXBuildFile; fileRef = V13F20002; };
  V13F20002 = {isa = PBXFileReference; lastKnownFileType = image.png; path = "Resources/FarmExpansion/Farming101_Free/F101_chest.png"; sourceTree = "<group>"; };
  V13B10003 = {isa = PBXBuildFile; fileRef = V13F20003; };
  V13F20003 = {isa = PBXFileReference; lastKnownFileType = image.png; path = "Resources/FarmExpansion/Farming101_Free/F101_farm.png"; sourceTree = "<group>"; };
  V13B10004 = {isa = PBXBuildFile; fileRef = V13F20004; };
  V13F20004 = {isa = PBXFileReference; lastKnownFileType = image.png; path = "Resources/FarmExpansion/Farming101_Free/F101_house.png"; sourceTree = "<group>"; };
  V13B10005 = {isa = PBXBuildFile; fileRef = V13F20005; };
  V13F20005 = {isa = PBXFileReference; lastKnownFileType = image.png; path = "Resources/FarmExpansion/Farming101_Free/F101_items.png"; sourceTree = "<group>"; };
  V13B10006 = {isa = PBXBuildFile; fileRef = V13F20006; };
  V13F20006 = {isa = PBXFileReference; lastKnownFileType = image.png; path = "Resources/FarmExpansion/Farming101_Free/F101_male_action.png"; sourceTree = "<group>"; };
  V13B10007 = {isa = PBXBuildFile; fileRef = V13F20007; };
  V13F20007 = {isa = PBXFileReference; lastKnownFileType = image.png; path = "Resources/FarmExpansion/Farming101_Free/F101_male_idle_and_walk.png"; sourceTree = "<group>"; };
  V13B10008 = {isa = PBXBuildFile; fileRef = V13F20008; };
  V13F20008 = {isa = PBXFileReference; lastKnownFileType = image.png; path = "Resources/FarmExpansion/Farming101_Free/F101_male_water_bucket_action.png"; sourceTree = "<group>"; };
  V13B10009 = {isa = PBXBuildFile; fileRef = V13F20009; };
  V13F20009 = {isa = PBXFileReference; lastKnownFileType = image.png; path = "Resources/FarmExpansion/Farming101_Free/F101_ores.png"; sourceTree = "<group>"; };
  V13B10010 = {isa = PBXBuildFile; fileRef = V13F20010; };
  V13F20010 = {isa = PBXFileReference; lastKnownFileType = image.png; path = "Resources/FarmExpansion/Farming101_Free/F101_plants.png"; sourceTree = "<group>"; };
  V13B10011 = {isa = PBXBuildFile; fileRef = V13F20011; };
  V13F20011 = {isa = PBXFileReference; lastKnownFileType = image.png; path = "Resources/FarmExpansion/Farming101_Free/F101_slimes.png"; sourceTree = "<group>"; };
  V13B10012 = {isa = PBXBuildFile; fileRef = V13F20012; };
  V13F20012 = {isa = PBXFileReference; lastKnownFileType = image.png; path = "Resources/FarmExpansion/Farming101_Free/F101_tileset.png"; sourceTree = "<group>"; };
  V13B10013 = {isa = PBXBuildFile; fileRef = V13F20013; };
  V13F20013 = {isa = PBXFileReference; lastKnownFileType = image.png; path = "Resources/FarmExpansion/Farming101_Free/F101_trees_and_plants.png"; sourceTree = "<group>"; };
  V13B10014 = {isa = PBXBuildFile; fileRef = V13F20014; };
  V13F20014 = {isa = PBXFileReference; lastKnownFileType = image.png; path = "Resources/FarmExpansion/Farming101_Free/F101_wooden_fence.png"; sourceTree = "<group>"; };
  V13B10015 = {isa = PBXBuildFile; fileRef = V13F20015; };
  V13F20015 = {isa = PBXFileReference; lastKnownFileType = image.png; path = "Resources/FarmExpansion/OtherFreeVersion/FREE_free.png"; sourceTree = "<group>"; };
  V13B10016 = {isa = PBXBuildFile; fileRef = V13F20016; };
  V13F20016 = {isa = PBXFileReference; lastKnownFileType = image.png; path = "Resources/FarmExpansion/SuperRetroRanch_FreeTier/SRR_bamboo_16x32_7frames.png"; sourceTree = "<group>"; };
  V13B10017 = {isa = PBXBuildFile; fileRef = V13F20017; };
  V13F20017 = {isa = PBXFileReference; lastKnownFileType = image.png; path = "Resources/FarmExpansion/SuperRetroRanch_FreeTier/SRR_bamboo_icon_16x16_2frames.png"; sourceTree = "<group>"; };
  V13B10018 = {isa = PBXBuildFile; fileRef = V13F20018; };
  V13F20018 = {isa = PBXFileReference; lastKnownFileType = image.png; path = "Resources/FarmExpansion/SuperRetroRanch_FreeTier/SRR_beetroot_16x16_7frames.png"; sourceTree = "<group>"; };
  V13B10019 = {isa = PBXBuildFile; fileRef = V13F20019; };
  V13F20019 = {isa = PBXFileReference; lastKnownFileType = image.png; path = "Resources/FarmExpansion/SuperRetroRanch_FreeTier/SRR_beetroot_icon_16x16.png"; sourceTree = "<group>"; };
  V13B10020 = {isa = PBXBuildFile; fileRef = V13F20020; };
  V13F20020 = {isa = PBXFileReference; lastKnownFileType = image.png; path = "Resources/FarmExpansion/SuperRetroRanch_FreeTier/SRR_berry_16x16_7frames.png"; sourceTree = "<group>"; };
  V13B10021 = {isa = PBXBuildFile; fileRef = V13F20021; };
  V13F20021 = {isa = PBXFileReference; lastKnownFileType = image.png; path = "Resources/FarmExpansion/SuperRetroRanch_FreeTier/SRR_berry_icon_16x16.png"; sourceTree = "<group>"; };
  V13B10022 = {isa = PBXBuildFile; fileRef = V13F20022; };
  V13F20022 = {isa = PBXFileReference; lastKnownFileType = image.png; path = "Resources/FarmExpansion/SuperRetroRanch_FreeTier/SRR_broccoli_16x32_7frames.png"; sourceTree = "<group>"; };
  V13B10023 = {isa = PBXBuildFile; fileRef = V13F20023; };
  V13F20023 = {isa = PBXFileReference; lastKnownFileType = image.png; path = "Resources/FarmExpansion/SuperRetroRanch_FreeTier/SRR_broccoli_icon_16x16.png"; sourceTree = "<group>"; };
  V13B10024 = {isa = PBXBuildFile; fileRef = V13F20024; };
  V13F20024 = {isa = PBXFileReference; lastKnownFileType = image.png; path = "Resources/FarmExpansion/SuperRetroRanch_FreeTier/SRR_carrot_16x16_7frames.png"; sourceTree = "<group>"; };
  V13B10025 = {isa = PBXBuildFile; fileRef = V13F20025; };
  V13F20025 = {isa = PBXFileReference; lastKnownFileType = image.png; path = "Resources/FarmExpansion/SuperRetroRanch_FreeTier/SRR_carrot_icon_16x16_2frames.png"; sourceTree = "<group>"; };
  V13B10026 = {isa = PBXBuildFile; fileRef = V13F20026; };
  V13F20026 = {isa = PBXFileReference; lastKnownFileType = image.png; path = "Resources/FarmExpansion/SuperRetroRanch_FreeTier/SRR_cauliflower_16x16_7frames.png"; sourceTree = "<group>"; };
  V13B10027 = {isa = PBXBuildFile; fileRef = V13F20027; };
  V13F20027 = {isa = PBXFileReference; lastKnownFileType = image.png; path = "Resources/FarmExpansion/SuperRetroRanch_FreeTier/SRR_cauliflower_icon_16x16.png"; sourceTree = "<group>"; };
  V13B10028 = {isa = PBXBuildFile; fileRef = V13F20028; };
  V13F20028 = {isa = PBXFileReference; lastKnownFileType = image.png; path = "Resources/FarmExpansion/SuperRetroRanch_FreeTier/SRR_celery_16x32_7frames.png"; sourceTree = "<group>"; };
  V13B10029 = {isa = PBXBuildFile; fileRef = V13F20029; };
  V13F20029 = {isa = PBXFileReference; lastKnownFileType = image.png; path = "Resources/FarmExpansion/SuperRetroRanch_FreeTier/SRR_celery_icon_16x16.png"; sourceTree = "<group>"; };
  V13B10030 = {isa = PBXBuildFile; fileRef = V13F20030; };
  V13F20030 = {isa = PBXFileReference; lastKnownFileType = image.png; path = "Resources/FarmExpansion/SuperRetroRanch_FreeTier/SRR_corn_16x32_8frames.png"; sourceTree = "<group>"; };
  V13B10031 = {isa = PBXBuildFile; fileRef = V13F20031; };
  V13F20031 = {isa = PBXFileReference; lastKnownFileType = image.png; path = "Resources/FarmExpansion/SuperRetroRanch_FreeTier/SRR_corn_icon_16x16_2frames.png"; sourceTree = "<group>"; };
  V13B10032 = {isa = PBXBuildFile; fileRef = V13F20032; };
  V13F20032 = {isa = PBXFileReference; lastKnownFileType = image.png; path = "Resources/FarmExpansion/SuperRetroRanch_FreeTier/SRR_eggplant_16x32_7frames.png"; sourceTree = "<group>"; };
  V13B10033 = {isa = PBXBuildFile; fileRef = V13F20033; };
  V13F20033 = {isa = PBXFileReference; lastKnownFileType = image.png; path = "Resources/FarmExpansion/SuperRetroRanch_FreeTier/SRR_eggplant_icon_16x16.png"; sourceTree = "<group>"; };
  V13B10034 = {isa = PBXBuildFile; fileRef = V13F20034; };
  V13F20034 = {isa = PBXFileReference; lastKnownFileType = image.png; path = "Resources/FarmExpansion/SuperRetroRanch_FreeTier/SRR_fence_01_16x16.png"; sourceTree = "<group>"; };
  V13B10035 = {isa = PBXBuildFile; fileRef = V13F20035; };
  V13F20035 = {isa = PBXFileReference; lastKnownFileType = image.png; path = "Resources/FarmExpansion/SuperRetroRanch_FreeTier/SRR_grape_18x32_7frames.png"; sourceTree = "<group>"; };
  V13B10036 = {isa = PBXBuildFile; fileRef = V13F20036; };
  V13F20036 = {isa = PBXFileReference; lastKnownFileType = image.png; path = "Resources/FarmExpansion/SuperRetroRanch_FreeTier/SRR_grape_icon_16x16_2frames.png"; sourceTree = "<group>"; };
  V13B10037 = {isa = PBXBuildFile; fileRef = V13F20037; };
  V13F20037 = {isa = PBXFileReference; lastKnownFileType = image.png; path = "Resources/FarmExpansion/SuperRetroRanch_FreeTier/SRR_ground_01_16x16.png"; sourceTree = "<group>"; };
  V13B10038 = {isa = PBXBuildFile; fileRef = V13F20038; };
  V13F20038 = {isa = PBXFileReference; lastKnownFileType = image.png; path = "Resources/FarmExpansion/SuperRetroRanch_FreeTier/SRR_leek_16x32_7frames.png"; sourceTree = "<group>"; };
  V13B10039 = {isa = PBXBuildFile; fileRef = V13F20039; };
  V13F20039 = {isa = PBXFileReference; lastKnownFileType = image.png; path = "Resources/FarmExpansion/SuperRetroRanch_FreeTier/SRR_leek_icon_16x16.png"; sourceTree = "<group>"; };
  V13B10040 = {isa = PBXBuildFile; fileRef = V13F20040; };
  V13F20040 = {isa = PBXFileReference; lastKnownFileType = image.png; path = "Resources/FarmExpansion/SuperRetroRanch_FreeTier/SRR_lettuce_16x16_7frames.png"; sourceTree = "<group>"; };
  V13B10041 = {isa = PBXBuildFile; fileRef = V13F20041; };
  V13F20041 = {isa = PBXFileReference; lastKnownFileType = image.png; path = "Resources/FarmExpansion/SuperRetroRanch_FreeTier/SRR_lettuce_icon_16x16.png"; sourceTree = "<group>"; };
  V13B10042 = {isa = PBXBuildFile; fileRef = V13F20042; };
  V13F20042 = {isa = PBXFileReference; lastKnownFileType = image.png; path = "Resources/FarmExpansion/SuperRetroRanch_FreeTier/SRR_male_01_hat_hoe_32x32_3frames.png"; sourceTree = "<group>"; };
  V13B10043 = {isa = PBXBuildFile; fileRef = V13F20043; };
  V13F20043 = {isa = PBXFileReference; lastKnownFileType = image.png; path = "Resources/FarmExpansion/SuperRetroRanch_FreeTier/SRR_male_01_hat_idle_32x32.png"; sourceTree = "<group>"; };
  V13B10044 = {isa = PBXBuildFile; fileRef = V13F20044; };
  V13F20044 = {isa = PBXFileReference; lastKnownFileType = image.png; path = "Resources/FarmExpansion/SuperRetroRanch_FreeTier/SRR_male_01_hat_shovel_32x32_3frames.png"; sourceTree = "<group>"; };
  V13B10045 = {isa = PBXBuildFile; fileRef = V13F20045; };
  V13F20045 = {isa = PBXFileReference; lastKnownFileType = image.png; path = "Resources/FarmExpansion/SuperRetroRanch_FreeTier/SRR_male_01_hat_walk_32x32_3frames.png"; sourceTree = "<group>"; };
  V13B10046 = {isa = PBXBuildFile; fileRef = V13F20046; };
  V13F20046 = {isa = PBXFileReference; lastKnownFileType = image.png; path = "Resources/FarmExpansion/SuperRetroRanch_FreeTier/SRR_male_01_hat_water_32x32_3frames.png"; sourceTree = "<group>"; };
  V13B10047 = {isa = PBXBuildFile; fileRef = V13F20047; };
  V13F20047 = {isa = PBXFileReference; lastKnownFileType = image.png; path = "Resources/FarmExpansion/SuperRetroRanch_FreeTier/SRR_male_01_hoe_32x32_3frames.png"; sourceTree = "<group>"; };
  V13B10048 = {isa = PBXBuildFile; fileRef = V13F20048; };
  V13F20048 = {isa = PBXFileReference; lastKnownFileType = image.png; path = "Resources/FarmExpansion/SuperRetroRanch_FreeTier/SRR_male_01_idle_32x32.png"; sourceTree = "<group>"; };
  V13B10049 = {isa = PBXBuildFile; fileRef = V13F20049; };
  V13F20049 = {isa = PBXFileReference; lastKnownFileType = image.png; path = "Resources/FarmExpansion/SuperRetroRanch_FreeTier/SRR_male_01_shovel_32x32_3frames.png"; sourceTree = "<group>"; };
  V13B10050 = {isa = PBXBuildFile; fileRef = V13F20050; };
  V13F20050 = {isa = PBXFileReference; lastKnownFileType = image.png; path = "Resources/FarmExpansion/SuperRetroRanch_FreeTier/SRR_male_01_walk_32x32_3frames.png"; sourceTree = "<group>"; };
  V13B10051 = {isa = PBXBuildFile; fileRef = V13F20051; };
  V13F20051 = {isa = PBXFileReference; lastKnownFileType = image.png; path = "Resources/FarmExpansion/SuperRetroRanch_FreeTier/SRR_male_01_water_32x32_3frames.png"; sourceTree = "<group>"; };
  V13B10052 = {isa = PBXBuildFile; fileRef = V13F20052; };
  V13F20052 = {isa = PBXFileReference; lastKnownFileType = image.png; path = "Resources/FarmExpansion/SuperRetroRanch_FreeTier/SRR_objects_01_16x16.png"; sourceTree = "<group>"; };
  V13B10053 = {isa = PBXBuildFile; fileRef = V13F20053; };
  V13F20053 = {isa = PBXFileReference; lastKnownFileType = image.png; path = "Resources/FarmExpansion/SuperRetroRanch_FreeTier/SRR_onion_16x32_7frames.png"; sourceTree = "<group>"; };
  V13B10054 = {isa = PBXBuildFile; fileRef = V13F20054; };
  V13F20054 = {isa = PBXFileReference; lastKnownFileType = image.png; path = "Resources/FarmExpansion/SuperRetroRanch_FreeTier/SRR_onion_icon_16x16.png"; sourceTree = "<group>"; };
  V13B10055 = {isa = PBXBuildFile; fileRef = V13F20055; };
  V13F20055 = {isa = PBXFileReference; lastKnownFileType = image.png; path = "Resources/FarmExpansion/SuperRetroRanch_FreeTier/SRR_pepper_16x32_11frames.png"; sourceTree = "<group>"; };
  V13B10056 = {isa = PBXBuildFile; fileRef = V13F20056; };
  V13F20056 = {isa = PBXFileReference; lastKnownFileType = image.png; path = "Resources/FarmExpansion/SuperRetroRanch_FreeTier/SRR_pepper_icon_16x16_2frames.png"; sourceTree = "<group>"; };
  V13B10057 = {isa = PBXBuildFile; fileRef = V13F20057; };
  V13F20057 = {isa = PBXFileReference; lastKnownFileType = image.png; path = "Resources/FarmExpansion/SuperRetroRanch_FreeTier/SRR_potato_16x32_7frames.png"; sourceTree = "<group>"; };
  V13B10058 = {isa = PBXBuildFile; fileRef = V13F20058; };
  V13F20058 = {isa = PBXFileReference; lastKnownFileType = image.png; path = "Resources/FarmExpansion/SuperRetroRanch_FreeTier/SRR_potato_icon_16x16.png"; sourceTree = "<group>"; };
  V13B10059 = {isa = PBXBuildFile; fileRef = V13F20059; };
  V13F20059 = {isa = PBXFileReference; lastKnownFileType = image.png; path = "Resources/FarmExpansion/SuperRetroRanch_FreeTier/SRR_pumpkin_16x16_7frames.png"; sourceTree = "<group>"; };
  V13B10060 = {isa = PBXBuildFile; fileRef = V13F20060; };
  V13F20060 = {isa = PBXFileReference; lastKnownFileType = image.png; path = "Resources/FarmExpansion/SuperRetroRanch_FreeTier/SRR_pumpkin_icon_16x16_3frames.png"; sourceTree = "<group>"; };
  V13B10061 = {isa = PBXBuildFile; fileRef = V13F20061; };
  V13F20061 = {isa = PBXFileReference; lastKnownFileType = image.png; path = "Resources/FarmExpansion/SuperRetroRanch_FreeTier/SRR_radish_16x16_7frames.png"; sourceTree = "<group>"; };
  V13B10062 = {isa = PBXBuildFile; fileRef = V13F20062; };
  V13F20062 = {isa = PBXFileReference; lastKnownFileType = image.png; path = "Resources/FarmExpansion/SuperRetroRanch_FreeTier/SRR_radish_icon_16x16_2frames.png"; sourceTree = "<group>"; };
  V13B10063 = {isa = PBXBuildFile; fileRef = V13F20063; };
  V13F20063 = {isa = PBXFileReference; lastKnownFileType = image.png; path = "Resources/FarmExpansion/SuperRetroRanch_FreeTier/SRR_tallgrass_16x32_6frames.png"; sourceTree = "<group>"; };
  V13B10064 = {isa = PBXBuildFile; fileRef = V13F20064; };
  V13F20064 = {isa = PBXFileReference; lastKnownFileType = image.png; path = "Resources/FarmExpansion/SuperRetroRanch_FreeTier/SRR_tomato_16x32_23frames.png"; sourceTree = "<group>"; };
  V13B10065 = {isa = PBXBuildFile; fileRef = V13F20065; };
  V13F20065 = {isa = PBXFileReference; lastKnownFileType = image.png; path = "Resources/FarmExpansion/SuperRetroRanch_FreeTier/SRR_tomato_icon_16x16_4frames.png"; sourceTree = "<group>"; };
  V13B10066 = {isa = PBXBuildFile; fileRef = V13F20066; };
  V13F20066 = {isa = PBXFileReference; lastKnownFileType = image.png; path = "Resources/FarmExpansion/SuperRetroRanch_FreeTier/SRR_tree_01_16x16.png"; sourceTree = "<group>"; };
  V13B10067 = {isa = PBXBuildFile; fileRef = V13F20067; };
  V13F20067 = {isa = PBXFileReference; lastKnownFileType = image.png; path = "Resources/FarmExpansion/SuperRetroRanch_FreeTier/SRR_wheat_18x32_8frames.png"; sourceTree = "<group>"; };
  V13B10068 = {isa = PBXBuildFile; fileRef = V13F20068; };
  V13F20068 = {isa = PBXFileReference; lastKnownFileType = image.png; path = "Resources/FarmExpansion/SuperRetroRanch_FreeTier/SRR_wheat_icon_16x16_9frames.png"; sourceTree = "<group>"; };
  A7001 = {isa = XCBuildConfiguration; buildSettings = {PRODUCT_BUNDLE_IDENTIFIER = "com.farmviet.ios"; PRODUCT_NAME = "$(TARGET_NAME)"; SWIFT_VERSION = 5.0; IPHONEOS_DEPLOYMENT_TARGET = 16.0; TARGETED_DEVICE_FAMILY = "1,2"; INFOPLIST_FILE = FarmViet/Info.plist; CODE_SIGNING_ALLOWED = NO; }; name = Debug; };
  A7002 = {isa = XCBuildConfiguration; buildSettings = {PRODUCT_BUNDLE_IDENTIFIER = "com.farmviet.ios"; PRODUCT_NAME = "$(TARGET_NAME)"; SWIFT_VERSION = 5.0; IPHONEOS_DEPLOYMENT_TARGET = 16.0; TARGETED_DEVICE_FAMILY = "1,2"; INFOPLIST_FILE = FarmViet/Info.plist; CODE_SIGNING_ALLOWED = NO; }; name = Release; };
  A5001 = {isa = XCConfigurationList; buildConfigurations = (A7001,A7002); defaultConfigurationName = Release; };
  A5002 = {isa = XCConfigurationList; buildConfigurations = (A7001,A7002); defaultConfigurationName = Release; };
 };
 rootObject = A4002;
}
